PODS:
  - TCJPushExtension (0.1.1)

DEPENDENCIES:
  - TCJPushExtension (from `https://raw.githubusercontent.com/FreddyZeng/TCJPushExtension/master/TCJPushExtension.podspec`)

EXTERNAL SOURCES:
  TCJPushExtension:
    :podspec: https://raw.githubusercontent.com/FreddyZeng/TCJPushExtension/master/TCJPushExtension.podspec

SPEC CHECKSUMS:
  TCJPushExtension: dcb098c9948a3bce0f02aafa04b1e2d0881e592c

PODFILE CHECKSUM: 0dbab81a4f42071e2121f61c7dc97b1445e38572

COCOAPODS: 1.7.2
