PODS:
  - TCJPushExtension (0.1.1)

DEPENDENCIES:
  - TCJPushExtension (from `https://raw.githubusercontent.com/FreddyZeng/TCJPushExtension/master/TCJPushExtension.podspec`)

EXTERNAL SOURCES:
  TCJPushExtension:
    :podspec: https://raw.githubusercontent.com/FreddyZeng/TCJPushExtension/master/TCJPushExtension.podspec

SPEC CHECKSUMS:
  TCJPushExtension: ed82bcaddba43d8597bdaf23b6c83a3dba184879

PODFILE CHECKSUM: ae6c1711acc5ea423132d2e96b34bffbcaaa3a0f

COCOAPODS: 1.7.2
