PODS:
  - TCJPushExtension (0.1.1)

DEPENDENCIES:
  - TCJPushExtension (from `https://raw.githubusercontent.com/FreddyZeng/TCJPushExtension/master/TCJPushExtension.podspec`)

EXTERNAL SOURCES:
  TCJPushExtension:
    :podspec: https://raw.githubusercontent.com/FreddyZeng/TCJPushExtension/master/TCJPushExtension.podspec

SPEC CHECKSUMS:
  TCJPushExtension: b8febdc6ebeac85cc39cb666dda7f323428b7a45

PODFILE CHECKSUM: b9b03f6eb28baa51345946d7340b56329bcd8716

COCOAPODS: 1.7.2
